
Microsoft Visual Studio Solution File, Format Version 12.00
# Visual Studio Version 17
VisualStudioVersion = 17.11.35327.3
MinimumVisualStudioVersion = 10.0.40219.1
Project("{FAE04EC0-301F-11D3-BF4B-00C04F79EFBC}") = "BlogMVC", "BlogMVC\BlogMVC.csproj", "{CC0DB561-FA4A-4993-AAE5-8558E93A62A9}"
EndProject
Global
	GlobalSection(SolutionConfigurationPlatforms) = preSolution
		Debug|Any CPU = Debug|Any CPU
		Release|Any CPU = Release|Any CPU
	EndGlobalSection
	GlobalSection(ProjectConfigurationPlatforms) = postSolution
		{CC0DB561-FA4A-4993-AAE5-8558E93A62A9}.Debug|Any CPU.ActiveCfg = Debug|Any CPU
		{CC0DB561-FA4A-4993-AAE5-8558E93A62A9}.Debug|Any CPU.Build.0 = Debug|Any CPU
		{CC0DB561-FA4A-4993-AAE5-8558E93A62A9}.Release|Any CPU.ActiveCfg = Release|Any CPU
		{CC0DB561-FA4A-4993-AAE5-8558E93A62A9}.Release|Any CPU.Build.0 = Release|Any CPU
	EndGlobalSection
	GlobalSection(SolutionProperties) = preSolution
		HideSolutionNode = FALSE
	EndGlobalSection
	GlobalSection(ExtensibilityGlobals) = postSolution
		SolutionGuid = {5ED18BA6-8CE5-475E-8E84-8788FEB753B1}
	EndGlobalSection
EndGlobal
